
Microsoft Visual Studio Solution File, Format Version 12.00
# Visual Studio 15
VisualStudioVersion = 15.0.28307.329
MinimumVisualStudioVersion = 10.0.40219.1
Project("{FAE04EC0-301F-11D3-BF4B-00C04F79EFBC}") = "MvcAuth", "MvcAuth\MvcAuth.csproj", "{EC654B9A-878A-45C3-A7A1-BF7B1ABF4866}"
EndProject
Global
	GlobalSection(SolutionConfigurationPlatforms) = preSolution
		Debug|Any CPU = Debug|Any CPU
		Release|Any CPU = Release|Any CPU
	EndGlobalSection
	GlobalSection(ProjectConfigurationPlatforms) = postSolution
		{EC654B9A-878A-45C3-A7A1-BF7B1ABF4866}.Debug|Any CPU.ActiveCfg = Debug|Any CPU
		{EC654B9A-878A-45C3-A7A1-BF7B1ABF4866}.Debug|Any CPU.Build.0 = Debug|Any CPU
		{EC654B9A-878A-45C3-A7A1-BF7B1ABF4866}.Release|Any CPU.ActiveCfg = Release|Any CPU
		{EC654B9A-878A-45C3-A7A1-BF7B1ABF4866}.Release|Any CPU.Build.0 = Release|Any CPU
	EndGlobalSection
	GlobalSection(SolutionProperties) = preSolution
		HideSolutionNode = FALSE
	EndGlobalSection
	GlobalSection(ExtensibilityGlobals) = postSolution
		SolutionGuid = {09AC7B77-ED95-42C8-A033-8EFC06BFF748}
	EndGlobalSection
EndGlobal
